
Microsoft Visual Studio Solution File, Format Version 12.00
# Visual Studio 15
VisualStudioVersion = 15.0.28307.271
MinimumVisualStudioVersion = 10.0.40219.1
Project("{FAE04EC0-301F-11D3-BF4B-00C04F79EFBC}") = "WpfExperiment", "WpfExperiment\WpfExperiment.csproj", "{A0463B80-A954-4921-B05D-BED160CCD63D}"
EndProject
Global
	GlobalSection(SolutionConfigurationPlatforms) = preSolution
		Debug|Any CPU = Debug|Any CPU
		Release|Any CPU = Release|Any CPU
	EndGlobalSection
	GlobalSection(ProjectConfigurationPlatforms) = postSolution
		{A0463B80-A954-4921-B05D-BED160CCD63D}.Debug|Any CPU.ActiveCfg = Debug|Any CPU
		{A0463B80-A954-4921-B05D-BED160CCD63D}.Debug|Any CPU.Build.0 = Debug|Any CPU
		{A0463B80-A954-4921-B05D-BED160CCD63D}.Release|Any CPU.ActiveCfg = Release|Any CPU
		{A0463B80-A954-4921-B05D-BED160CCD63D}.Release|Any CPU.Build.0 = Release|Any CPU
	EndGlobalSection
	GlobalSection(SolutionProperties) = preSolution
		HideSolutionNode = FALSE
	EndGlobalSection
	GlobalSection(ExtensibilityGlobals) = postSolution
		SolutionGuid = {79B18C14-5B27-49E4-8E6B-554830E45CD1}
	EndGlobalSection
EndGlobal
